
Microsoft Visual Studio Solution File, Format Version 12.00
Project("{FAE04EC0-301F-11D3-BF4B-00C04F79EFBC}") = "EtoDockerTest", "EtoDockerTest\EtoDockerTest.csproj", "{FFAE446A-4894-4F08-A749-9B5476D6876C}"
EndProject
Global
	GlobalSection(SolutionConfigurationPlatforms) = preSolution
		Debug|Any CPU = Debug|Any CPU
		Release|Any CPU = Release|Any CPU
	EndGlobalSection
	GlobalSection(ProjectConfigurationPlatforms) = postSolution
		{FFAE446A-4894-4F08-A749-9B5476D6876C}.Debug|Any CPU.ActiveCfg = Debug|Any CPU
		{FFAE446A-4894-4F08-A749-9B5476D6876C}.Debug|Any CPU.Build.0 = Debug|Any CPU
		{FFAE446A-4894-4F08-A749-9B5476D6876C}.Release|Any CPU.ActiveCfg = Release|Any CPU
		{FFAE446A-4894-4F08-A749-9B5476D6876C}.Release|Any CPU.Build.0 = Release|Any CPU
	EndGlobalSection
EndGlobal
